# This file is automatically @generated by Poetry 1.8.3 and should not be changed by hand.

[[package]]
name = "code2flow"
version = "2.5.1"
description = "Visualize your source code as DOT flowcharts"
optional = false
python-versions = ">=3.6"
files = [
    {file = "code2flow-2.5.1.tar.gz", hash = "sha256:ad98717920da6598dac38a1951f38b84891f4aa4bd2f36c119b0dbac729f4785"},
]

[[package]]
name = "pygraphviz"
version = "1.13"
description = "Python interface to Graphviz"
optional = false
python-versions = ">=3.10"
files = [
    {file = "pygraphviz-1.13.tar.gz", hash = "sha256:6ad8aa2f26768830a5a1cfc8a14f022d13df170a8f6fdfd68fd1aa1267000964"},
]

[metadata]
lock-version = "2.0"
python-versions = "^3.11"
content-hash = "4800387d7448de168534cc3df28b985e33bf09ae55e9415cc0a05f532c80c7b5"
